// !$*UTF8*$!
{
	archiveVersion = 1;
	classes = {
	};
	objectVersion = 55;
	objects = {

/* Begin PBXBuildFile section */
		25B98DEB2763EC290020DEDE /* AppDelegate.swift in Sources */ = {isa = PBXBuildFile; fileRef = 25B98DEA2763EC290020DEDE /* AppDelegate.swift */; };
		25B98DED2763EC290020DEDE /* SceneDelegate.swift in Sources */ = {isa = PBXBuildFile; fileRef = 25B98DEC2763EC290020DEDE /* SceneDelegate.swift */; };
		25B98DEF2763EC290020DEDE /* ViewController.swift in Sources */ = {isa = PBXBuildFile; fileRef = 25B98DEE2763EC290020DEDE /* ViewController.swift */; };
		25B98DF22763EC290020DEDE /* Main.storyboard in Resources */ = {isa = PBXBuildFile; fileRef = 25B98DF02763EC290020DEDE /* Main.storyboard */; };
		25B98DF52763EC290020DEDE /* app_development_basics.xcdatamodeld in Sources */ = {isa = PBXBuildFile; fileRef = 25B98DF32763EC290020DEDE /* app_development_basics.xcdatamodeld */; };
		25B98DF72763EC2A0020DEDE /* Assets.xcassets in Resources */ = {isa = PBXBuildFile; fileRef = 25B98DF62763EC2A0020DEDE /* Assets.xcassets */; };
		25B98DFA2763EC2A0020DEDE /* LaunchScreen.storyboard in Resources */ = {isa = PBXBuildFile; fileRef = 25B98DF82763EC2A0020DEDE /* LaunchScreen.storyboard */; };
		25B98E052763EC2B0020DEDE /* app_development_basicsTests.swift in Sources */ = {isa = PBXBuildFile; fileRef = 25B98E042763EC2B0020DEDE /* app_development_basicsTests.swift */; };
		25B98E0F2763EC2B0020DEDE /* app_development_basicsUITests.swift in Sources */ = {isa = PBXBuildFile; fileRef = 25B98E0E2763EC2B0020DEDE /* app_development_basicsUITests.swift */; };
		25B98E112763EC2B0020DEDE /* app_development_basicsUITestsLaunchTests.swift in Sources */ = {isa = PBXBuildFile; fileRef = 25B98E102763EC2B0020DEDE /* app_development_basicsUITestsLaunchTests.swift */; };
/* End PBXBuildFile section */

/* Begin PBXContainerItemProxy section */
		25B98E012763EC2B0020DEDE /* PBXContainerItemProxy */ = {
			isa = PBXContainerItemProxy;
			containerPortal = 25B98DDF2763EC290020DEDE /* Project object */;
			proxyType = 1;
			remoteGlobalIDString = 25B98DE62763EC290020DEDE;
			remoteInfo = app_development_basics;
		};
		25B98E0B2763EC2B0020DEDE /* PBXContainerItemProxy */ = {
			isa = PBXContainerItemProxy;
			containerPortal = 25B98DDF2763EC290020DEDE /* Project object */;
			proxyType = 1;
			remoteGlobalIDString = 25B98DE62763EC290020DEDE;
			remoteInfo = app_development_basics;
		};
/* End PBXContainerItemProxy section */

/* Begin PBXFileReference section */
		25B98DE72763EC290020DEDE /* app_development_basics.app */ = {isa = PBXFileReference; explicitFileType = wrapper.application; includeInIndex = 0; path = app_development_basics.app; sourceTree = BUILT_PRODUCTS_DIR; };
		25B98DEA2763EC290020DEDE /* AppDelegate.swift */ = {isa = PBXFileReference; lastKnownFileType = sourcecode.swift; path = AppDelegate.swift; sourceTree = "<group>"; };
		25B98DEC2763EC290020DEDE /* SceneDelegate.swift */ = {isa = PBXFileReference; lastKnownFileType = sourcecode.swift; path = SceneDelegate.swift; sourceTree = "<group>"; };
		25B98DEE2763EC290020DEDE /* ViewController.swift */ = {isa = PBXFileReference; lastKnownFileType = sourcecode.swift; path = ViewController.swift; sourceTree = "<group>"; };
		25B98DF12763EC290020DEDE /* Base */ = {isa = PBXFileReference; lastKnownFileType = file.storyboard; name = Base; path = Base.lproj/Main.storyboard; sourceTree = "<group>"; };
		25B98DF42763EC290020DEDE /* app_development_basics.xcdatamodel */ = {isa = PBXFileReference; lastKnownFileType = wrapper.xcdatamodel; path = app_development_basics.xcdatamodel; sourceTree = "<group>"; };
		25B98DF62763EC2A0020DEDE /* Assets.xcassets */ = {isa = PBXFileReference; lastKnownFileType = folder.assetcatalog; path = Assets.xcassets; sourceTree = "<group>"; };
		25B98DF92763EC2A0020DEDE /* Base */ = {isa = PBXFileReference; lastKnownFileType = file.storyboard; name = Base; path = Base.lproj/LaunchScreen.storyboard; sourceTree = "<group>"; };
		25B98DFB2763EC2A0020DEDE /* Info.plist */ = {isa = PBXFileReference; lastKnownFileType = text.plist.xml; path = Info.plist; sourceTree = "<group>"; };
		25B98E002763EC2B0020DEDE /* app_development_basicsTests.xctest */ = {isa = PBXFileReference; explicitFileType = wrapper.cfbundle; includeInIndex = 0; path = app_development_basicsTests.xctest; sourceTree = BUILT_PRODUCTS_DIR; };
		25B98E042763EC2B0020DEDE /* app_development_basicsTests.swift */ = {isa = PBXFileReference; lastKnownFileType = sourcecode.swift; path = app_development_basicsTests.swift; sourceTree = "<group>"; };
		25B98E0A2763EC2B0020DEDE /* app_development_basicsUITests.xctest */ = {isa = PBXFileReference; explicitFileType = wrapper.cfbundle; includeInIndex = 0; path = app_development_basicsUITests.xctest; sourceTree = BUILT_PRODUCTS_DIR; };
		25B98E0E2763EC2B0020DEDE /* app_development_basicsUITests.swift */ = {isa = PBXFileReference; lastKnownFileType = sourcecode.swift; path = app_development_basicsUITests.swift; sourceTree = "<group>"; };
		25B98E102763EC2B0020DEDE /* app_development_basicsUITestsLaunchTests.swift */ = {isa = PBXFileReference; lastKnownFileType = sourcecode.swift; path = app_development_basicsUITestsLaunchTests.swift; sourceTree = "<group>"; };
/* End PBXFileReference section */

/* Begin PBXFrameworksBuildPhase section */
		25B98DE42763EC290020DEDE /* Frameworks */ = {
			isa = PBXFrameworksBuildPhase;
			buildActionMask = 2147483647;
			files = (
			);
			runOnlyForDeploymentPostprocessing = 0;
		};
		25B98DFD2763EC2B0020DEDE /* Frameworks */ = {
			isa = PBXFrameworksBuildPhase;
			buildActionMask = 2147483647;
			files = (
			);
			runOnlyForDeploymentPostprocessing = 0;
		};
		25B98E072763EC2B0020DEDE /* Frameworks */ = {
			isa = PBXFrameworksBuildPhase;
			buildActionMask = 2147483647;
			files = (
			);
			runOnlyForDeploymentPostprocessing = 0;
		};
/* End PBXFrameworksBuildPhase section */

/* Begin PBXGroup section */
		25B98DDE2763EC290020DEDE = {
			isa = PBXGroup;
			children = (
				25B98DE92763EC290020DEDE /* app_development_basics */,
				25B98E032763EC2B0020DEDE /* app_development_basicsTests */,
				25B98E0D2763EC2B0020DEDE /* app_development_basicsUITests */,
				25B98DE82763EC290020DEDE /* Products */,
			);
			sourceTree = "<group>";
		};
		25B98DE82763EC290020DEDE /* Products */ = {
			isa = PBXGroup;
			children = (
				25B98DE72763EC290020DEDE /* app_development_basics.app */,
				25B98E002763EC2B0020DEDE /* app_development_basicsTests.xctest */,
				25B98E0A2763EC2B0020DEDE /* app_development_basicsUITests.xctest */,
			);
			name = Products;
			sourceTree = "<group>";
		};
		25B98DE92763EC290020DEDE /* app_development_basics */ = {
			isa = PBXGroup;
			children = (
				25B98DEA2763EC290020DEDE /* AppDelegate.swift */,
				25B98DEC2763EC290020DEDE /* SceneDelegate.swift */,
				25B98DEE2763EC290020DEDE /* ViewController.swift */,
				25B98DF02763EC290020DEDE /* Main.storyboard */,
				25B98DF62763EC2A0020DEDE /* Assets.xcassets */,
				25B98DF82763EC2A0020DEDE /* LaunchScreen.storyboard */,
				25B98DFB2763EC2A0020DEDE /* Info.plist */,
				25B98DF32763EC290020DEDE /* app_development_basics.xcdatamodeld */,
			);
			path = app_development_basics;
			sourceTree = "<group>";
		};
		25B98E032763EC2B0020DEDE /* app_development_basicsTests */ = {
			isa = PBXGroup;
			children = (
				25B98E042763EC2B0020DEDE /* app_development_basicsTests.swift */,
			);
			path = app_development_basicsTests;
			sourceTree = "<group>";
		};
		25B98E0D2763EC2B0020DEDE /* app_development_basicsUITests */ = {
			isa = PBXGroup;
			children = (
				25B98E0E2763EC2B0020DEDE /* app_development_basicsUITests.swift */,
				25B98E102763EC2B0020DEDE /* app_development_basicsUITestsLaunchTests.swift */,
			);
			path = app_development_basicsUITests;
			sourceTree = "<group>";
		};
/* End PBXGroup section */

/* Begin PBXNativeTarget section */
		25B98DE62763EC290020DEDE /* app_development_basics */ = {
			isa = PBXNativeTarget;
			buildConfigurationList = 25B98E142763EC2B0020DEDE /* Build configuration list for PBXNativeTarget "app_development_basics" */;
			buildPhases = (
				25B98DE32763EC290020DEDE /* Sources */,
				25B98DE42763EC290020DEDE /* Frameworks */,
				25B98DE52763EC290020DEDE /* Resources */,
			);
			buildRules = (
			);
			dependencies = (
			);
			name = app_development_basics;
			productName = app_development_basics;
			productReference = 25B98DE72763EC290020DEDE /* app_development_basics.app */;
			productType = "com.apple.product-type.application";
		};
		25B98DFF2763EC2B0020DEDE /* app_development_basicsTests */ = {
			isa = PBXNativeTarget;
			buildConfigurationList = 25B98E172763EC2B0020DEDE /* Build configuration list for PBXNativeTarget "app_development_basicsTests" */;
			buildPhases = (
				25B98DFC2763EC2B0020DEDE /* Sources */,
				25B98DFD2763EC2B0020DEDE /* Frameworks */,
				25B98DFE2763EC2B0020DEDE /* Resources */,
			);
			buildRules = (
			);
			dependencies = (
				25B98E022763EC2B0020DEDE /* PBXTargetDependency */,
			);
			name = app_development_basicsTests;
			productName = app_development_basicsTests;
			productReference = 25B98E002763EC2B0020DEDE /* app_development_basicsTests.xctest */;
			productType = "com.apple.product-type.bundle.unit-test";
		};
		25B98E092763EC2B0020DEDE /* app_development_basicsUITests */ = {
			isa = PBXNativeTarget;
			buildConfigurationList = 25B98E1A2763EC2B0020DEDE /* Build configuration list for PBXNativeTarget "app_development_basicsUITests" */;
			buildPhases = (
				25B98E062763EC2B0020DEDE /* Sources */,
				25B98E072763EC2B0020DEDE /* Frameworks */,
				25B98E082763EC2B0020DEDE /* Resources */,
			);
			buildRules = (
			);
			dependencies = (
				25B98E0C2763EC2B0020DEDE /* PBXTargetDependency */,
			);
			name = app_development_basicsUITests;
			productName = app_development_basicsUITests;
			productReference = 25B98E0A2763EC2B0020DEDE /* app_development_basicsUITests.xctest */;
			productType = "com.apple.product-type.bundle.ui-testing";
		};
/* End PBXNativeTarget section */

/* Begin PBXProject section */
		25B98DDF2763EC290020DEDE /* Project object */ = {
			isa = PBXProject;
			attributes = {
				BuildIndependentTargetsInParallel = 1;
				LastSwiftUpdateCheck = 1310;
				LastUpgradeCheck = 1310;
				TargetAttributes = {
					25B98DE62763EC290020DEDE = {
						CreatedOnToolsVersion = 13.1;
					};
					25B98DFF2763EC2B0020DEDE = {
						CreatedOnToolsVersion = 13.1;
						TestTargetID = 25B98DE62763EC290020DEDE;
					};
					25B98E092763EC2B0020DEDE = {
						CreatedOnToolsVersion = 13.1;
						TestTargetID = 25B98DE62763EC290020DEDE;
					};
				};
			};
			buildConfigurationList = 25B98DE22763EC290020DEDE /* Build configuration list for PBXProject "app_development_basics" */;
			compatibilityVersion = "Xcode 13.0";
			developmentRegion = en;
			hasScannedForEncodings = 0;
			knownRegions = (
				en,
				Base,
			);
			mainGroup = 25B98DDE2763EC290020DEDE;
			productRefGroup = 25B98DE82763EC290020DEDE /* Products */;
			projectDirPath = "";
			projectRoot = "";
			targets = (
				25B98DE62763EC290020DEDE /* app_development_basics */,
				25B98DFF2763EC2B0020DEDE /* app_development_basicsTests */,
				25B98E092763EC2B0020DEDE /* app_development_basicsUITests */,
			);
		};
/* End PBXProject section */

/* Begin PBXResourcesBuildPhase section */
		25B98DE52763EC290020DEDE /* Resources */ = {
			isa = PBXResourcesBuildPhase;
			buildActionMask = 2147483647;
			files = (
				25B98DFA2763EC2A0020DEDE /* LaunchScreen.storyboard in Resources */,
				25B98DF72763EC2A0020DEDE /* Assets.xcassets in Resources */,
				25B98DF22763EC290020DEDE /* Main.storyboard in Resources */,
			);
			runOnlyForDeploymentPostprocessing = 0;
		};
		25B98DFE2763EC2B0020DEDE /* Resources */ = {
			isa = PBXResourcesBuildPhase;
			buildActionMask = 2147483647;
			files = (
			);
			runOnlyForDeploymentPostprocessing = 0;
		};
		25B98E082763EC2B0020DEDE /* Resources */ = {
			isa = PBXResourcesBuildPhase;
			buildActionMask = 2147483647;
			files = (
			);
			runOnlyForDeploymentPostprocessing = 0;
		};
/* End PBXResourcesBuildPhase section */

/* Begin PBXSourcesBuildPhase section */
		25B98DE32763EC290020DEDE /* Sources */ = {
			isa = PBXSourcesBuildPhase;
			buildActionMask = 2147483647;
			files = (
				25B98DEF2763EC290020DEDE /* ViewController.swift in Sources */,
				25B98DEB2763EC290020DEDE /* AppDelegate.swift in Sources */,
				25B98DF52763EC290020DEDE /* app_development_basics.xcdatamodeld in Sources */,
				25B98DED2763EC290020DEDE /* SceneDelegate.swift in Sources */,
			);
			runOnlyForDeploymentPostprocessing = 0;
		};
		25B98DFC2763EC2B0020DEDE /* Sources */ = {
			isa = PBXSourcesBuildPhase;
			buildActionMask = 2147483647;
			files = (
				25B98E052763EC2B0020DEDE /* app_development_basicsTests.swift in Sources */,
			);
			runOnlyForDeploymentPostprocessing = 0;
		};
		25B98E062763EC2B0020DEDE /* Sources */ = {
			isa = PBXSourcesBuildPhase;
			buildActionMask = 2147483647;
			files = (
				25B98E0F2763EC2B0020DEDE /* app_development_basicsUITests.swift in Sources */,
				25B98E112763EC2B0020DEDE /* app_development_basicsUITestsLaunchTests.swift in Sources */,
			);
			runOnlyForDeploymentPostprocessing = 0;
		};
/* End PBXSourcesBuildPhase section */

/* Begin PBXTargetDependency section */
		25B98E022763EC2B0020DEDE /* PBXTargetDependency */ = {
			isa = PBXTargetDependency;
			target = 25B98DE62763EC290020DEDE /* app_development_basics */;
			targetProxy = 25B98E012763EC2B0020DEDE /* PBXContainerItemProxy */;
		};
		25B98E0C2763EC2B0020DEDE /* PBXTargetDependency */ = {
			isa = PBXTargetDependency;
			target = 25B98DE62763EC290020DEDE /* app_development_basics */;
			targetProxy = 25B98E0B2763EC2B0020DEDE /* PBXContainerItemProxy */;
		};
/* End PBXTargetDependency section */

/* Begin PBXVariantGroup section */
		25B98DF02763EC290020DEDE /* Main.storyboard */ = {
			isa = PBXVariantGroup;
			children = (
				25B98DF12763EC290020DEDE /* Base */,
			);
			name = Main.storyboard;
			sourceTree = "<group>";
		};
		25B98DF82763EC2A0020DEDE /* LaunchScreen.storyboard */ = {
			isa = PBXVariantGroup;
			children = (
				25B98DF92763EC2A0020DEDE /* Base */,
			);
			name = LaunchScreen.storyboard;
			sourceTree = "<group>";
		};
/* End PBXVariantGroup section */

/* Begin XCBuildConfiguration section */
		25B98E122763EC2B0020DEDE /* Debug */ = {
			isa = XCBuildConfiguration;
			buildSettings = {
				ALWAYS_SEARCH_USER_PATHS = NO;
				CLANG_ANALYZER_NONNULL = YES;
				CLANG_ANALYZER_NUMBER_OBJECT_CONVERSION = YES_AGGRESSIVE;
				CLANG_CXX_LANGUAGE_STANDARD = "gnu++17";
				CLANG_CXX_LIBRARY = "libc++";
				CLANG_ENABLE_MODULES = YES;
				CLANG_ENABLE_OBJC_ARC = YES;
				CLANG_ENABLE_OBJC_WEAK = YES;
				CLANG_WARN_BLOCK_CAPTURE_AUTORELEASING = YES;
				CLANG_WARN_BOOL_CONVERSION = YES;
				CLANG_WARN_COMMA = YES;
				CLANG_WARN_CONSTANT_CONVERSION = YES;
				CLANG_WARN_DEPRECATED_OBJC_IMPLEMENTATIONS = YES;
				CLANG_WARN_DIRECT_OBJC_ISA_USAGE = YES_ERROR;
				CLANG_WARN_DOCUMENTATION_COMMENTS = YES;
				CLANG_WARN_EMPTY_BODY = YES;
				CLANG_WARN_ENUM_CONVERSION = YES;
				CLANG_WARN_INFINITE_RECURSION = YES;
				CLANG_WARN_INT_CONVERSION = YES;
				CLANG_WARN_NON_LITERAL_NULL_CONVERSION = YES;
				CLANG_WARN_OBJC_IMPLICIT_RETAIN_SELF = YES;
				CLANG_WARN_OBJC_LITERAL_CONVERSION = YES;
				CLANG_WARN_OBJC_ROOT_CLASS = YES_ERROR;
				CLANG_WARN_QUOTED_INCLUDE_IN_FRAMEWORK_HEADER = YES;
				CLANG_WARN_RANGE_LOOP_ANALYSIS = YES;
				CLANG_WARN_STRICT_PROTOTYPES = YES;
				CLANG_WARN_SUSPICIOUS_MOVE = YES;
				CLANG_WARN_UNGUARDED_AVAILABILITY = YES_AGGRESSIVE;
				CLANG_WARN_UNREACHABLE_CODE = YES;
				CLANG_WARN__DUPLICATE_METHOD_MATCH = YES;
				COPY_PHASE_STRIP = NO;
				DEBUG_INFORMATION_FORMAT = dwarf;
				ENABLE_STRICT_OBJC_MSGSEND = YES;
				ENABLE_TESTABILITY = YES;
				GCC_C_LANGUAGE_STANDARD = gnu11;
				GCC_DYNAMIC_NO_PIC = NO;
				GCC_NO_COMMON_BLOCKS = YES;
				GCC_OPTIMIZATION_LEVEL = 0;
				GCC_PREPROCESSOR_DEFINITIONS = (
					"DEBUG=1",
					"$(inherited)",
				);
				GCC_WARN_64_TO_32_BIT_CONVERSION = YES;
				GCC_WARN_ABOUT_RETURN_TYPE = YES_ERROR;
				GCC_WARN_UNDECLARED_SELECTOR = YES;
				GCC_WARN_UNINITIALIZED_AUTOS = YES_AGGRESSIVE;
				GCC_WARN_UNUSED_FUNCTION = YES;
				GCC_WARN_UNUSED_VARIABLE = YES;
				IPHONEOS_DEPLOYMENT_TARGET = 15.0;
				MTL_ENABLE_DEBUG_INFO = INCLUDE_SOURCE;
				MTL_FAST_MATH = YES;
				ONLY_ACTIVE_ARCH = YES;
				SDKROOT = iphoneos;
				SWIFT_ACTIVE_COMPILATION_CONDITIONS = DEBUG;
				SWIFT_OPTIMIZATION_LEVEL = "-Onone";
			};
			name = Debug;
		};
		25B98E132763EC2B0020DEDE /* Release */ = {
			isa = XCBuildConfiguration;
			buildSettings = {
				ALWAYS_SEARCH_USER_PATHS = NO;
				CLANG_ANALYZER_NONNULL = YES;
				CLANG_ANALYZER_NUMBER_OBJECT_CONVERSION = YES_AGGRESSIVE;
				CLANG_CXX_LANGUAGE_STANDARD = "gnu++17";
				CLANG_CXX_LIBRARY = "libc++";
				CLANG_ENABLE_MODULES = YES;
				CLANG_ENABLE_OBJC_ARC = YES;
				CLANG_ENABLE_OBJC_WEAK = YES;
				CLANG_WARN_BLOCK_CAPTURE_AUTORELEASING = YES;
				CLANG_WARN_BOOL_CONVERSION = YES;
				CLANG_WARN_COMMA = YES;
				CLANG_WARN_CONSTANT_CONVERSION = YES;
				CLANG_WARN_DEPRECATED_OBJC_IMPLEMENTATIONS = YES;
				CLANG_WARN_DIRECT_OBJC_ISA_USAGE = YES_ERROR;
				CLANG_WARN_DOCUMENTATION_COMMENTS = YES;
				CLANG_WARN_EMPTY_BODY = YES;
				CLANG_WARN_ENUM_CONVERSION = YES;
				CLANG_WARN_INFINITE_RECURSION = YES;
				CLANG_WARN_INT_CONVERSION = YES;
				CLANG_WARN_NON_LITERAL_NULL_CONVERSION = YES;
				CLANG_WARN_OBJC_IMPLICIT_RETAIN_SELF = YES;
				CLANG_WARN_OBJC_LITERAL_CONVERSION = YES;
				CLANG_WARN_OBJC_ROOT_CLASS = YES_ERROR;
				CLANG_WARN_QUOTED_INCLUDE_IN_FRAMEWORK_HEADER = YES;
				CLANG_WARN_RANGE_LOOP_ANALYSIS = YES;
				CLANG_WARN_STRICT_PROTOTYPES = YES;
				CLANG_WARN_SUSPICIOUS_MOVE = YES;
				CLANG_WARN_UNGUARDED_AVAILABILITY = YES_AGGRESSIVE;
				CLANG_WARN_UNREACHABLE_CODE = YES;
				CLANG_WARN__DUPLICATE_METHOD_MATCH = YES;
				COPY_PHASE_STRIP = NO;
				DEBUG_INFORMATION_FORMAT = "dwarf-with-dsym";
				ENABLE_NS_ASSERTIONS = NO;
				ENABLE_STRICT_OBJC_MSGSEND = YES;
				GCC_C_LANGUAGE_STANDARD = gnu11;
				GCC_NO_COMMON_BLOCKS = YES;
				GCC_WARN_64_TO_32_BIT_CONVERSION = YES;
				GCC_WARN_ABOUT_RETURN_TYPE = YES_ERROR;
				GCC_WARN_UNDECLARED_SELECTOR = YES;
				GCC_WARN_UNINITIALIZED_AUTOS = YES_AGGRESSIVE;
				GCC_WARN_UNUSED_FUNCTION = YES;
				GCC_WARN_UNUSED_VARIABLE = YES;
				IPHONEOS_DEPLOYMENT_TARGET = 15.0;
				MTL_ENABLE_DEBUG_INFO = NO;
				MTL_FAST_MATH = YES;
				SDKROOT = iphoneos;
				SWIFT_COMPILATION_MODE = wholemodule;
				SWIFT_OPTIMIZATION_LEVEL = "-O";
				VALIDATE_PRODUCT = YES;
			};
			name = Release;
		};
		25B98E152763EC2B0020DEDE /* Debug */ = {
			isa = XCBuildConfiguration;
			buildSettings = {
				ASSETCATALOG_COMPILER_APPICON_NAME = AppIcon;
				ASSETCATALOG_COMPILER_GLOBAL_ACCENT_COLOR_NAME = AccentColor;
				CODE_SIGN_STYLE = Automatic;
				CURRENT_PROJECT_VERSION = 1;
				DEVELOPMENT_TEAM = 73QC5WHXHU;
				GENERATE_INFOPLIST_FILE = YES;
				INFOPLIST_FILE = app_development_basics/Info.plist;
				INFOPLIST_KEY_UIApplicationSupportsIndirectInputEvents = YES;
				INFOPLIST_KEY_UILaunchStoryboardName = LaunchScreen;
				INFOPLIST_KEY_UIMainStoryboardFile = Main;
				INFOPLIST_KEY_UISupportedInterfaceOrientations_iPad = "UIInterfaceOrientationPortrait UIInterfaceOrientationPortraitUpsideDown UIInterfaceOrientationLandscapeLeft UIInterfaceOrientationLandscapeRight";
				INFOPLIST_KEY_UISupportedInterfaceOrientations_iPhone = "UIInterfaceOrientationPortrait UIInterfaceOrientationLandscapeLeft UIInterfaceOrientationLandscapeRight";
				LD_RUNPATH_SEARCH_PATHS = (
					"$(inherited)",
					"@executable_path/Frameworks",
				);
				MARKETING_VERSION = 1.0;
				PRODUCT_BUNDLE_IDENTIFIER = "com.mgdknockoutservices.app-development-basics";
				PRODUCT_NAME = "$(TARGET_NAME)";
				SWIFT_EMIT_LOC_STRINGS = YES;
				SWIFT_VERSION = 5.0;
				TARGETED_DEVICE_FAMILY = "1,2";
			};
			name = Debug;
		};
		25B98E162763EC2B0020DEDE /* Release */ = {
			isa = XCBuildConfiguration;
			buildSettings = {
				ASSETCATALOG_COMPILER_APPICON_NAME = AppIcon;
				ASSETCATALOG_COMPILER_GLOBAL_ACCENT_COLOR_NAME = AccentColor;
				CODE_SIGN_STYLE = Automatic;
				CURRENT_PROJECT_VERSION = 1;
				DEVELOPMENT_TEAM = 73QC5WHXHU;
				GENERATE_INFOPLIST_FILE = YES;
				INFOPLIST_FILE = app_development_basics/Info.plist;
				INFOPLIST_KEY_UIApplicationSupportsIndirectInputEvents = YES;
				INFOPLIST_KEY_UILaunchStoryboardName = LaunchScreen;
				INFOPLIST_KEY_UIMainStoryboardFile = Main;
				INFOPLIST_KEY_UISupportedInterfaceOrientations_iPad = "UIInterfaceOrientationPortrait UIInterfaceOrientationPortraitUpsideDown UIInterfaceOrientationLandscapeLeft UIInterfaceOrientationLandscapeRight";
				INFOPLIST_KEY_UISupportedInterfaceOrientations_iPhone = "UIInterfaceOrientationPortrait UIInterfaceOrientationLandscapeLeft UIInterfaceOrientationLandscapeRight";
				LD_RUNPATH_SEARCH_PATHS = (
					"$(inherited)",
					"@executable_path/Frameworks",
				);
				MARKETING_VERSION = 1.0;
				PRODUCT_BUNDLE_IDENTIFIER = "com.mgdknockoutservices.app-development-basics";
				PRODUCT_NAME = "$(TARGET_NAME)";
				SWIFT_EMIT_LOC_STRINGS = YES;
				SWIFT_VERSION = 5.0;
				TARGETED_DEVICE_FAMILY = "1,2";
			};
			name = Release;
		};
		25B98E182763EC2B0020DEDE /* Debug */ = {
			isa = XCBuildConfiguration;
			buildSettings = {
				ALWAYS_EMBED_SWIFT_STANDARD_LIBRARIES = YES;
				BUNDLE_LOADER = "$(TEST_HOST)";
				CODE_SIGN_STYLE = Automatic;
				CURRENT_PROJECT_VERSION = 1;
				DEVELOPMENT_TEAM = 73QC5WHXHU;
				GENERATE_INFOPLIST_FILE = YES;
				IPHONEOS_DEPLOYMENT_TARGET = 15.0;
				LD_RUNPATH_SEARCH_PATHS = (
					"$(inherited)",
					"@executable_path/Frameworks",
					"@loader_path/Frameworks",
				);
				MARKETING_VERSION = 1.0;
				PRODUCT_BUNDLE_IDENTIFIER = "com.mgdknockoutservices.app-development-basicsTests";
				PRODUCT_NAME = "$(TARGET_NAME)";
				SWIFT_EMIT_LOC_STRINGS = NO;
				SWIFT_VERSION = 5.0;
				TARGETED_DEVICE_FAMILY = "1,2";
				TEST_HOST = "$(BUILT_PRODUCTS_DIR)/app_development_basics.app/app_development_basics";
			};
			name = Debug;
		};
		25B98E192763EC2B0020DEDE /* Release */ = {
			isa = XCBuildConfiguration;
			buildSettings = {
				ALWAYS_EMBED_SWIFT_STANDARD_LIBRARIES = YES;
				BUNDLE_LOADER = "$(TEST_HOST)";
				CODE_SIGN_STYLE = Automatic;
				CURRENT_PROJECT_VERSION = 1;
				DEVELOPMENT_TEAM = 73QC5WHXHU;
				GENERATE_INFOPLIST_FILE = YES;
				IPHONEOS_DEPLOYMENT_TARGET = 15.0;
				LD_RUNPATH_SEARCH_PATHS = (
					"$(inherited)",
					"@executable_path/Frameworks",
					"@loader_path/Frameworks",
				);
				MARKETING_VERSION = 1.0;
				PRODUCT_BUNDLE_IDENTIFIER = "com.mgdknockoutservices.app-development-basicsTests";
				PRODUCT_NAME = "$(TARGET_NAME)";
				SWIFT_EMIT_LOC_STRINGS = NO;
				SWIFT_VERSION = 5.0;
				TARGETED_DEVICE_FAMILY = "1,2";
				TEST_HOST = "$(BUILT_PRODUCTS_DIR)/app_development_basics.app/app_development_basics";
			};
			name = Release;
		};
		25B98E1B2763EC2B0020DEDE /* Debug */ = {
			isa = XCBuildConfiguration;
			buildSettings = {
				ALWAYS_EMBED_SWIFT_STANDARD_LIBRARIES = YES;
				CODE_SIGN_STYLE = Automatic;
				CURRENT_PROJECT_VERSION = 1;
				DEVELOPMENT_TEAM = 73QC5WHXHU;
				GENERATE_INFOPLIST_FILE = YES;
				LD_RUNPATH_SEARCH_PATHS = (
					"$(inherited)",
					"@executable_path/Frameworks",
					"@loader_path/Frameworks",
				);
				MARKETING_VERSION = 1.0;
				PRODUCT_BUNDLE_IDENTIFIER = "com.mgdknockoutservices.app-development-basicsUITests";
				PRODUCT_NAME = "$(TARGET_NAME)";
				SWIFT_EMIT_LOC_STRINGS = NO;
				SWIFT_VERSION = 5.0;
				TARGETED_DEVICE_FAMILY = "1,2";
				TEST_TARGET_NAME = app_development_basics;
			};
			name = Debug;
		};
		25B98E1C2763EC2B0020DEDE /* Release */ = {
			isa = XCBuildConfiguration;
			buildSettings = {
				ALWAYS_EMBED_SWIFT_STANDARD_LIBRARIES = YES;
				CODE_SIGN_STYLE = Automatic;
				CURRENT_PROJECT_VERSION = 1;
				DEVELOPMENT_TEAM = 73QC5WHXHU;
				GENERATE_INFOPLIST_FILE = YES;
				LD_RUNPATH_SEARCH_PATHS = (
					"$(inherited)",
					"@executable_path/Frameworks",
					"@loader_path/Frameworks",
				);
				MARKETING_VERSION = 1.0;
				PRODUCT_BUNDLE_IDENTIFIER = "com.mgdknockoutservices.app-development-basicsUITests";
				PRODUCT_NAME = "$(TARGET_NAME)";
				SWIFT_EMIT_LOC_STRINGS = NO;
				SWIFT_VERSION = 5.0;
				TARGETED_DEVICE_FAMILY = "1,2";
				TEST_TARGET_NAME = app_development_basics;
			};
			name = Release;
		};
/* End XCBuildConfiguration section */

/* Begin XCConfigurationList section */
		25B98DE22763EC290020DEDE /* Build configuration list for PBXProject "app_development_basics" */ = {
			isa = XCConfigurationList;
			buildConfigurations = (
				25B98E122763EC2B0020DEDE /* Debug */,
				25B98E132763EC2B0020DEDE /* Release */,
			);
			defaultConfigurationIsVisible = 0;
			defaultConfigurationName = Release;
		};
		25B98E142763EC2B0020DEDE /* Build configuration list for PBXNativeTarget "app_development_basics" */ = {
			isa = XCConfigurationList;
			buildConfigurations = (
				25B98E152763EC2B0020DEDE /* Debug */,
				25B98E162763EC2B0020DEDE /* Release */,
			);
			defaultConfigurationIsVisible = 0;
			defaultConfigurationName = Release;
		};
		25B98E172763EC2B0020DEDE /* Build configuration list for PBXNativeTarget "app_development_basicsTests" */ = {
			isa = XCConfigurationList;
			buildConfigurations = (
				25B98E182763EC2B0020DEDE /* Debug */,
				25B98E192763EC2B0020DEDE /* Release */,
			);
			defaultConfigurationIsVisible = 0;
			defaultConfigurationName = Release;
		};
		25B98E1A2763EC2B0020DEDE /* Build configuration list for PBXNativeTarget "app_development_basicsUITests" */ = {
			isa = XCConfigurationList;
			buildConfigurations = (
				25B98E1B2763EC2B0020DEDE /* Debug */,
				25B98E1C2763EC2B0020DEDE /* Release */,
			);
			defaultConfigurationIsVisible = 0;
			defaultConfigurationName = Release;
		};
/* End XCConfigurationList section */

/* Begin XCVersionGroup section */
		25B98DF32763EC290020DEDE /* app_development_basics.xcdatamodeld */ = {
			isa = XCVersionGroup;
			children = (
				25B98DF42763EC290020DEDE /* app_development_basics.xcdatamodel */,
			);
			currentVersion = 25B98DF42763EC290020DEDE /* app_development_basics.xcdatamodel */;
			path = app_development_basics.xcdatamodeld;
			sourceTree = "<group>";
			versionGroupType = wrapper.xcdatamodel;
		};
/* End XCVersionGroup section */
	};
	rootObject = 25B98DDF2763EC290020DEDE /* Project object */;
}
